
Microsoft Visual Studio Solution File, Format Version 12.00
# Visual Studio 2013
VisualStudioVersion = 12.0.31101.0
MinimumVisualStudioVersion = 10.0.40219.1
Project("{FAE04EC0-301F-11D3-BF4B-00C04F79EFBC}") = "AquelaFrameWork", "AquelaFrameWork\AquelaFrameWork.csproj", "{543C06F2-74C7-4018-B68F-F7DEE588C291}"
EndProject
Project("{FAE04EC0-301F-11D3-BF4B-00C04F79EFBC}") = "AquelaFrameWorkEditor", "AquelaFrameWorkEditor\AquelaFrameWorkEditor.csproj", "{FD678292-5234-4D1A-BA33-BC148875DE71}"
EndProject
Global
	GlobalSection(SolutionConfigurationPlatforms) = preSolution
		Debug|Any CPU = Debug|Any CPU
		Release|Any CPU = Release|Any CPU
	EndGlobalSection
	GlobalSection(ProjectConfigurationPlatforms) = postSolution
		{543C06F2-74C7-4018-B68F-F7DEE588C291}.Debug|Any CPU.ActiveCfg = Debug|Any CPU
		{543C06F2-74C7-4018-B68F-F7DEE588C291}.Debug|Any CPU.Build.0 = Debug|Any CPU
		{543C06F2-74C7-4018-B68F-F7DEE588C291}.Release|Any CPU.ActiveCfg = Release|Any CPU
		{543C06F2-74C7-4018-B68F-F7DEE588C291}.Release|Any CPU.Build.0 = Release|Any CPU
		{FD678292-5234-4D1A-BA33-BC148875DE71}.Debug|Any CPU.ActiveCfg = Debug|Any CPU
		{FD678292-5234-4D1A-BA33-BC148875DE71}.Debug|Any CPU.Build.0 = Debug|Any CPU
		{FD678292-5234-4D1A-BA33-BC148875DE71}.Release|Any CPU.ActiveCfg = Release|Any CPU
		{FD678292-5234-4D1A-BA33-BC148875DE71}.Release|Any CPU.Build.0 = Release|Any CPU
	EndGlobalSection
	GlobalSection(SolutionProperties) = preSolution
		HideSolutionNode = FALSE
	EndGlobalSection
EndGlobal
